
Microsoft Visual Studio Solution File, Format Version 12.00
# Visual Studio Version 18
VisualStudioVersion = 18.2.11415.280
MinimumVisualStudioVersion = 10.0.40219.1
Project("{FAE04EC0-301F-11D3-BF4B-00C04F79EFBC}") = "ShareIT", "ShareIT.csproj", "{43DF2106-584F-4ACE-B13B-A71DC3740DC3}"
EndProject
Global
	GlobalSection(SolutionConfigurationPlatforms) = preSolution
		Debug|Any CPU = Debug|Any CPU
		Release|Any CPU = Release|Any CPU
	EndGlobalSection
	GlobalSection(ProjectConfigurationPlatforms) = postSolution
		{43DF2106-584F-4ACE-B13B-A71DC3740DC3}.Debug|Any CPU.ActiveCfg = Debug|Any CPU
		{43DF2106-584F-4ACE-B13B-A71DC3740DC3}.Debug|Any CPU.Build.0 = Debug|Any CPU
		{43DF2106-584F-4ACE-B13B-A71DC3740DC3}.Release|Any CPU.ActiveCfg = Release|Any CPU
		{43DF2106-584F-4ACE-B13B-A71DC3740DC3}.Release|Any CPU.Build.0 = Release|Any CPU
	EndGlobalSection
	GlobalSection(SolutionProperties) = preSolution
		HideSolutionNode = FALSE
	EndGlobalSection
	GlobalSection(ExtensibilityGlobals) = postSolution
		SolutionGuid = {EE05ED7A-A258-413D-9600-DC732A122450}
	EndGlobalSection
EndGlobal
